
Microsoft Visual Studio Solution File, Format Version 12.00
# Visual Studio 14
VisualStudioVersion = 14.0.25420.1
MinimumVisualStudioVersion = 10.0.40219.1
Project("{FAE04EC0-301F-11D3-BF4B-00C04F79EFBC}") = "simple asp web", "simple asp web\simple asp web.csproj", "{22444CDB-1FDB-444B-BE9B-1F07ACB5597C}"
EndProject
Project("{FAE04EC0-301F-11D3-BF4B-00C04F79EFBC}") = "simple asp web.Tests", "simple asp web.Tests\simple asp web.Tests.csproj", "{10096116-0200-462F-B0DB-2978ECB551E7}"
EndProject
Project("{FAE04EC0-301F-11D3-BF4B-00C04F79EFBC}") = "EmplyeeDataAccess", "EmplyeeDataAccess\EmplyeeDataAccess.csproj", "{07068A5B-64A0-469B-8A75-0AC661076BC1}"
EndProject
Global
	GlobalSection(SolutionConfigurationPlatforms) = preSolution
		Debug|Any CPU = Debug|Any CPU
		Release|Any CPU = Release|Any CPU
	EndGlobalSection
	GlobalSection(ProjectConfigurationPlatforms) = postSolution
		{22444CDB-1FDB-444B-BE9B-1F07ACB5597C}.Debug|Any CPU.ActiveCfg = Debug|Any CPU
		{22444CDB-1FDB-444B-BE9B-1F07ACB5597C}.Debug|Any CPU.Build.0 = Debug|Any CPU
		{22444CDB-1FDB-444B-BE9B-1F07ACB5597C}.Release|Any CPU.ActiveCfg = Release|Any CPU
		{22444CDB-1FDB-444B-BE9B-1F07ACB5597C}.Release|Any CPU.Build.0 = Release|Any CPU
		{10096116-0200-462F-B0DB-2978ECB551E7}.Debug|Any CPU.ActiveCfg = Debug|Any CPU
		{10096116-0200-462F-B0DB-2978ECB551E7}.Debug|Any CPU.Build.0 = Debug|Any CPU
		{10096116-0200-462F-B0DB-2978ECB551E7}.Release|Any CPU.ActiveCfg = Release|Any CPU
		{10096116-0200-462F-B0DB-2978ECB551E7}.Release|Any CPU.Build.0 = Release|Any CPU
		{07068A5B-64A0-469B-8A75-0AC661076BC1}.Debug|Any CPU.ActiveCfg = Debug|Any CPU
		{07068A5B-64A0-469B-8A75-0AC661076BC1}.Debug|Any CPU.Build.0 = Debug|Any CPU
		{07068A5B-64A0-469B-8A75-0AC661076BC1}.Release|Any CPU.ActiveCfg = Release|Any CPU
		{07068A5B-64A0-469B-8A75-0AC661076BC1}.Release|Any CPU.Build.0 = Release|Any CPU
	EndGlobalSection
	GlobalSection(SolutionProperties) = preSolution
		HideSolutionNode = FALSE
	EndGlobalSection
EndGlobal
